
Microsoft Visual Studio Solution File, Format Version 12.00
# Visual Studio Version 17
VisualStudioVersion = 17.0.31903.59
MinimumVisualStudioVersion = 10.0.40219.1
Project("{2150E333-8FDC-42A3-9474-1A3956D46DE8}") = "src", "src", "{CD6E64E5-8D8E-4107-AD5E-A30D80F1F643}"
EndProject
Project("{FAE04EC0-301F-11D3-BF4B-00C04F79EFBC}") = "IdentityServer", "src\IdentityServer\IdentityServer.csproj", "{06767DBC-2D47-456C-8986-9DC4EF2B8ED5}"
EndProject
Project("{2150E333-8FDC-42A3-9474-1A3956D46DE8}") = "WebClient", "WebClient", "{CAFD25F2-CEE5-450C-A0A0-426D64F9CC79}"
EndProject
Project("{FAE04EC0-301F-11D3-BF4B-00C04F79EFBC}") = "Events", "src\WebClient\Events\Events.csproj", "{5225AA59-FFC3-4DA4-990C-2BA9FD8B1847}"
EndProject
Project("{FAE04EC0-301F-11D3-BF4B-00C04F79EFBC}") = "Api", "src\Api\Api.csproj", "{ACD68EE0-6EDC-4025-AF19-CB624C9E716B}"
EndProject
Global
	GlobalSection(SolutionConfigurationPlatforms) = preSolution
		Debug|Any CPU = Debug|Any CPU
		Release|Any CPU = Release|Any CPU
	EndGlobalSection
	GlobalSection(SolutionProperties) = preSolution
		HideSolutionNode = FALSE
	EndGlobalSection
	GlobalSection(ProjectConfigurationPlatforms) = postSolution
		{06767DBC-2D47-456C-8986-9DC4EF2B8ED5}.Debug|Any CPU.ActiveCfg = Debug|Any CPU
		{06767DBC-2D47-456C-8986-9DC4EF2B8ED5}.Debug|Any CPU.Build.0 = Debug|Any CPU
		{06767DBC-2D47-456C-8986-9DC4EF2B8ED5}.Release|Any CPU.ActiveCfg = Release|Any CPU
		{06767DBC-2D47-456C-8986-9DC4EF2B8ED5}.Release|Any CPU.Build.0 = Release|Any CPU
		{5225AA59-FFC3-4DA4-990C-2BA9FD8B1847}.Debug|Any CPU.ActiveCfg = Debug|Any CPU
		{5225AA59-FFC3-4DA4-990C-2BA9FD8B1847}.Debug|Any CPU.Build.0 = Debug|Any CPU
		{5225AA59-FFC3-4DA4-990C-2BA9FD8B1847}.Release|Any CPU.ActiveCfg = Release|Any CPU
		{5225AA59-FFC3-4DA4-990C-2BA9FD8B1847}.Release|Any CPU.Build.0 = Release|Any CPU
		{ACD68EE0-6EDC-4025-AF19-CB624C9E716B}.Debug|Any CPU.ActiveCfg = Debug|Any CPU
		{ACD68EE0-6EDC-4025-AF19-CB624C9E716B}.Debug|Any CPU.Build.0 = Debug|Any CPU
		{ACD68EE0-6EDC-4025-AF19-CB624C9E716B}.Release|Any CPU.ActiveCfg = Release|Any CPU
		{ACD68EE0-6EDC-4025-AF19-CB624C9E716B}.Release|Any CPU.Build.0 = Release|Any CPU
	EndGlobalSection
	GlobalSection(NestedProjects) = preSolution
		{06767DBC-2D47-456C-8986-9DC4EF2B8ED5} = {CD6E64E5-8D8E-4107-AD5E-A30D80F1F643}
		{CAFD25F2-CEE5-450C-A0A0-426D64F9CC79} = {CD6E64E5-8D8E-4107-AD5E-A30D80F1F643}
		{5225AA59-FFC3-4DA4-990C-2BA9FD8B1847} = {CAFD25F2-CEE5-450C-A0A0-426D64F9CC79}
		{ACD68EE0-6EDC-4025-AF19-CB624C9E716B} = {CD6E64E5-8D8E-4107-AD5E-A30D80F1F643}
	EndGlobalSection
EndGlobal
