
Microsoft Visual Studio Solution File, Format Version 12.00
# Visual Studio Version 17
VisualStudioVersion = 17.0.31903.59
MinimumVisualStudioVersion = 10.0.40219.1
Project("{2150E333-8FDC-42A3-9474-1A3956D46DE8}") = "src", "src", "{CD6E64E5-8D8E-4107-AD5E-A30D80F1F643}"
EndProject
Project("{FAE04EC0-301F-11D3-BF4B-00C04F79EFBC}") = "IdentityServer", "src\IdentityServer\IdentityServer.csproj", "{06767DBC-2D47-456C-8986-9DC4EF2B8ED5}"
EndProject
Project("{FAE04EC0-301F-11D3-BF4B-00C04F79EFBC}") = "Api", "src\Api\Api.csproj", "{ACD68EE0-6EDC-4025-AF19-CB624C9E716B}"
EndProject
Project("{FAE04EC0-301F-11D3-BF4B-00C04F79EFBC}") = "Client.Console", "src\Client.Console\Client.Console.csproj", "{F8EDD451-A498-4447-8F7D-94BD324A9437}"
EndProject
Project("{FAE04EC0-301F-11D3-BF4B-00C04F79EFBC}") = "Client.BlazorWasm", "src\Client.BlazorWasm\Client.BlazorWasm.csproj", "{26D4240D-2D8D-48EC-90B4-795554F70F03}"
EndProject
Project("{2150E333-8FDC-42A3-9474-1A3956D46DE8}") = "StyledRazor", "StyledRazor", "{76FFF031-EB50-4AC3-841C-979628FA098D}"
EndProject
Project("{FAE04EC0-301F-11D3-BF4B-00C04F79EFBC}") = "Client.BlazorServer", "src\Client.BlazorServer\Client.BlazorServer.csproj", "{F7018013-00FF-4E09-974E-DFC00082A2A2}"
EndProject
Project("{FAE04EC0-301F-11D3-BF4B-00C04F79EFBC}") = "Services", "src\Services\Services.csproj", "{0EB3A535-4B04-4B45-AA4A-1B7332B27B8B}"
EndProject
Global
	GlobalSection(SolutionConfigurationPlatforms) = preSolution
		Debug|Any CPU = Debug|Any CPU
		Release|Any CPU = Release|Any CPU
	EndGlobalSection
	GlobalSection(SolutionProperties) = preSolution
		HideSolutionNode = FALSE
	EndGlobalSection
	GlobalSection(ProjectConfigurationPlatforms) = postSolution
		{06767DBC-2D47-456C-8986-9DC4EF2B8ED5}.Debug|Any CPU.ActiveCfg = Debug|Any CPU
		{06767DBC-2D47-456C-8986-9DC4EF2B8ED5}.Debug|Any CPU.Build.0 = Debug|Any CPU
		{06767DBC-2D47-456C-8986-9DC4EF2B8ED5}.Release|Any CPU.ActiveCfg = Release|Any CPU
		{06767DBC-2D47-456C-8986-9DC4EF2B8ED5}.Release|Any CPU.Build.0 = Release|Any CPU
		{ACD68EE0-6EDC-4025-AF19-CB624C9E716B}.Debug|Any CPU.ActiveCfg = Debug|Any CPU
		{ACD68EE0-6EDC-4025-AF19-CB624C9E716B}.Debug|Any CPU.Build.0 = Debug|Any CPU
		{ACD68EE0-6EDC-4025-AF19-CB624C9E716B}.Release|Any CPU.ActiveCfg = Release|Any CPU
		{ACD68EE0-6EDC-4025-AF19-CB624C9E716B}.Release|Any CPU.Build.0 = Release|Any CPU
		{F8EDD451-A498-4447-8F7D-94BD324A9437}.Debug|Any CPU.ActiveCfg = Debug|Any CPU
		{F8EDD451-A498-4447-8F7D-94BD324A9437}.Debug|Any CPU.Build.0 = Debug|Any CPU
		{F8EDD451-A498-4447-8F7D-94BD324A9437}.Release|Any CPU.ActiveCfg = Release|Any CPU
		{F8EDD451-A498-4447-8F7D-94BD324A9437}.Release|Any CPU.Build.0 = Release|Any CPU
		{26D4240D-2D8D-48EC-90B4-795554F70F03}.Debug|Any CPU.ActiveCfg = Debug|Any CPU
		{26D4240D-2D8D-48EC-90B4-795554F70F03}.Debug|Any CPU.Build.0 = Debug|Any CPU
		{26D4240D-2D8D-48EC-90B4-795554F70F03}.Release|Any CPU.ActiveCfg = Release|Any CPU
		{26D4240D-2D8D-48EC-90B4-795554F70F03}.Release|Any CPU.Build.0 = Release|Any CPU
		{F7018013-00FF-4E09-974E-DFC00082A2A2}.Debug|Any CPU.ActiveCfg = Debug|Any CPU
		{F7018013-00FF-4E09-974E-DFC00082A2A2}.Debug|Any CPU.Build.0 = Debug|Any CPU
		{F7018013-00FF-4E09-974E-DFC00082A2A2}.Release|Any CPU.ActiveCfg = Release|Any CPU
		{F7018013-00FF-4E09-974E-DFC00082A2A2}.Release|Any CPU.Build.0 = Release|Any CPU
		{0EB3A535-4B04-4B45-AA4A-1B7332B27B8B}.Debug|Any CPU.ActiveCfg = Debug|Any CPU
		{0EB3A535-4B04-4B45-AA4A-1B7332B27B8B}.Debug|Any CPU.Build.0 = Debug|Any CPU
		{0EB3A535-4B04-4B45-AA4A-1B7332B27B8B}.Release|Any CPU.ActiveCfg = Release|Any CPU
		{0EB3A535-4B04-4B45-AA4A-1B7332B27B8B}.Release|Any CPU.Build.0 = Release|Any CPU
	EndGlobalSection
	GlobalSection(NestedProjects) = preSolution
		{06767DBC-2D47-456C-8986-9DC4EF2B8ED5} = {CD6E64E5-8D8E-4107-AD5E-A30D80F1F643}
		{ACD68EE0-6EDC-4025-AF19-CB624C9E716B} = {CD6E64E5-8D8E-4107-AD5E-A30D80F1F643}
		{F8EDD451-A498-4447-8F7D-94BD324A9437} = {CD6E64E5-8D8E-4107-AD5E-A30D80F1F643}
		{26D4240D-2D8D-48EC-90B4-795554F70F03} = {CD6E64E5-8D8E-4107-AD5E-A30D80F1F643}
		{76FFF031-EB50-4AC3-841C-979628FA098D} = {CD6E64E5-8D8E-4107-AD5E-A30D80F1F643}
		{F7018013-00FF-4E09-974E-DFC00082A2A2} = {CD6E64E5-8D8E-4107-AD5E-A30D80F1F643}
		{0EB3A535-4B04-4B45-AA4A-1B7332B27B8B} = {CD6E64E5-8D8E-4107-AD5E-A30D80F1F643}
	EndGlobalSection
EndGlobal
